
Microsoft Visual Studio Solution File, Format Version 12.00
# Visual Studio 14
VisualStudioVersion = 14.0.24720.0
MinimumVisualStudioVersion = 10.0.40219.1
Project("{FAE04EC0-301F-11D3-BF4B-00C04F79EFBC}") = "Water", "Water\Water.csproj", "{75EAA898-BDCB-436C-B28E-94AEAF01677F}"
EndProject
Project("{FAE04EC0-301F-11D3-BF4B-00C04F79EFBC}") = "DBServices", "DBServices\DBServices.csproj", "{C149875F-23E7-4025-A274-0C4463B5C4B6}"
EndProject
Project("{FAE04EC0-301F-11D3-BF4B-00C04F79EFBC}") = "DataAccessLayer", "DataAccessLayer\DataAccessLayer.csproj", "{8F98BE2B-7197-47F4-AC1C-AD2470E8B8EA}"
EndProject
Global
	GlobalSection(SolutionConfigurationPlatforms) = preSolution
		Debug|Any CPU = Debug|Any CPU
		Release|Any CPU = Release|Any CPU
	EndGlobalSection
	GlobalSection(ProjectConfigurationPlatforms) = postSolution
		{75EAA898-BDCB-436C-B28E-94AEAF01677F}.Debug|Any CPU.ActiveCfg = Debug|Any CPU
		{75EAA898-BDCB-436C-B28E-94AEAF01677F}.Debug|Any CPU.Build.0 = Debug|Any CPU
		{75EAA898-BDCB-436C-B28E-94AEAF01677F}.Release|Any CPU.ActiveCfg = Release|Any CPU
		{75EAA898-BDCB-436C-B28E-94AEAF01677F}.Release|Any CPU.Build.0 = Release|Any CPU
		{C149875F-23E7-4025-A274-0C4463B5C4B6}.Debug|Any CPU.ActiveCfg = Debug|Any CPU
		{C149875F-23E7-4025-A274-0C4463B5C4B6}.Debug|Any CPU.Build.0 = Debug|Any CPU
		{C149875F-23E7-4025-A274-0C4463B5C4B6}.Release|Any CPU.ActiveCfg = Release|Any CPU
		{C149875F-23E7-4025-A274-0C4463B5C4B6}.Release|Any CPU.Build.0 = Release|Any CPU
		{8F98BE2B-7197-47F4-AC1C-AD2470E8B8EA}.Debug|Any CPU.ActiveCfg = Debug|Any CPU
		{8F98BE2B-7197-47F4-AC1C-AD2470E8B8EA}.Debug|Any CPU.Build.0 = Debug|Any CPU
		{8F98BE2B-7197-47F4-AC1C-AD2470E8B8EA}.Release|Any CPU.ActiveCfg = Release|Any CPU
		{8F98BE2B-7197-47F4-AC1C-AD2470E8B8EA}.Release|Any CPU.Build.0 = Release|Any CPU
	EndGlobalSection
	GlobalSection(SolutionProperties) = preSolution
		HideSolutionNode = FALSE
	EndGlobalSection
EndGlobal
